Microsoft Visual Studio Solution File, Format Version 12.00
# Visual Studio Version 16
VisualStudioVersion = 16.0.29230.47
MinimumVisualStudioVersion = 10.0.40219.1
Project("{9A19103F-16F7-4668-BE54-9A1E7A4F7556}") = "DXYK.Admin.Entity", "src\DXYK.Admin.Entity\DXYK.Admin.Entity.csproj", "{88A185DB-0242-4843-9284-334850FF611C}"
EndProject
Project("{9A19103F-16F7-4668-BE54-9A1E7A4F7556}") = "DXYK.Admin.Repository", "src\DXYK.Admin.Repository\DXYK.Admin.Repository.csproj", "{6A7E8C9E-6A9F-49FD-AD48-F297E515EB10}"
EndProject
Project("{9A19103F-16F7-4668-BE54-9A1E7A4F7556}") = "DXYK.Admin.Service", "src\DXYK.Admin.Service\DXYK.Admin.Service.csproj", "{D274EF03-E956-40EF-B874-58A5FBE83A00}"
EndProject
Project("{9A19103F-16F7-4668-BE54-9A1E7A4F7556}") = "DXYK.Admin.API", "src\DXYK.Admin.API\DXYK.Admin.API.csproj", "{CEA52B07-9E7F-4A4D-AF6D-4C43E7255D0E}"
EndProject
Project("{2150E333-8FDC-42A3-9474-1A3956D46DE8}") = "API", "API", "{20C12BB6-7202-46F4-9A92-3528FFC2B91B}"
EndProject
Project("{2150E333-8FDC-42A3-9474-1A3956D46DE8}") = "build", "build", "{68E40CDE-0E75-4372-96C4-1507D50993CD}"
	ProjectSection(SolutionItems) = preProject
		Directory.Build.props = Directory.Build.props
		build\SmartCode.yml = build\SmartCode.yml
		build\version.props = build\version.props
	EndProjectSection
EndProject
Project("{2150E333-8FDC-42A3-9474-1A3956D46DE8}") = "docker", "docker", "{1666CC75-624D-4AE9-84D7-7F9F338658C5}"
	ProjectSection(SolutionItems) = preProject
		.dockerignore = .dockerignore
		Dockerfile = Dockerfile
	EndProjectSection
EndProject
Project("{9A19103F-16F7-4668-BE54-9A1E7A4F7556}") = "DXYK.Admin.Extensions", "src\DXYK.Admin.Extensions\DXYK.Admin.Extensions.csproj", "{DD5C31C3-A89E-4BD3-991F-C8826CAF5A64}"
EndProject
Project("{9A19103F-16F7-4668-BE54-9A1E7A4F7556}") = "DXYK.Admin.Common", "src\DXYK.Admin.Common\DXYK.Admin.Common.csproj", "{0979E9E0-289B-4F37-AB2A-1BFC96A5C9AC}"
EndProject
Project("{9A19103F-16F7-4668-BE54-9A1E7A4F7556}") = "DXYK.Admin.Dto", "src\DXYK.Admin.Dto\DXYK.Admin.Dto.csproj", "{661922D0-CB3F-4AAF-8571-55B533A04062}"
EndProject
Project("{9A19103F-16F7-4668-BE54-9A1E7A4F7556}") = "DXYK.Admin.MVC", "src\DXYK.Admin.MVC\DXYK.Admin.MVC.csproj", "{9EC09C0D-38DC-4612-B175-8B4B13A6AA55}"
EndProject
Global
	GlobalSection(SolutionConfigurationPlatforms) = preSolution
		Debug|Any CPU = Debug|Any CPU
		Release|Any CPU = Release|Any CPU
	EndGlobalSection
	GlobalSection(ProjectConfigurationPlatforms) = postSolution
		{88A185DB-0242-4843-9284-334850FF611C}.Debug|Any CPU.ActiveCfg = Debug|Any CPU
		{88A185DB-0242-4843-9284-334850FF611C}.Debug|Any CPU.Build.0 = Debug|Any CPU
		{88A185DB-0242-4843-9284-334850FF611C}.Release|Any CPU.ActiveCfg = Release|Any CPU
		{88A185DB-0242-4843-9284-334850FF611C}.Release|Any CPU.Build.0 = Release|Any CPU
		{6A7E8C9E-6A9F-49FD-AD48-F297E515EB10}.Debug|Any CPU.ActiveCfg = Debug|Any CPU
		{6A7E8C9E-6A9F-49FD-AD48-F297E515EB10}.Debug|Any CPU.Build.0 = Debug|Any CPU
		{6A7E8C9E-6A9F-49FD-AD48-F297E515EB10}.Release|Any CPU.ActiveCfg = Release|Any CPU
		{6A7E8C9E-6A9F-49FD-AD48-F297E515EB10}.Release|Any CPU.Build.0 = Release|Any CPU
		{D274EF03-E956-40EF-B874-58A5FBE83A00}.Debug|Any CPU.ActiveCfg = Debug|Any CPU
		{D274EF03-E956-40EF-B874-58A5FBE83A00}.Debug|Any CPU.Build.0 = Debug|Any CPU
		{D274EF03-E956-40EF-B874-58A5FBE83A00}.Release|Any CPU.ActiveCfg = Release|Any CPU
		{D274EF03-E956-40EF-B874-58A5FBE83A00}.Release|Any CPU.Build.0 = Release|Any CPU
		{CEA52B07-9E7F-4A4D-AF6D-4C43E7255D0E}.Debug|Any CPU.ActiveCfg = Debug|Any CPU
		{CEA52B07-9E7F-4A4D-AF6D-4C43E7255D0E}.Debug|Any CPU.Build.0 = Debug|Any CPU
		{CEA52B07-9E7F-4A4D-AF6D-4C43E7255D0E}.Release|Any CPU.ActiveCfg = Release|Any CPU
		{CEA52B07-9E7F-4A4D-AF6D-4C43E7255D0E}.Release|Any CPU.Build.0 = Release|Any CPU
		{DD5C31C3-A89E-4BD3-991F-C8826CAF5A64}.Debug|Any CPU.ActiveCfg = Debug|Any CPU
		{DD5C31C3-A89E-4BD3-991F-C8826CAF5A64}.Debug|Any CPU.Build.0 = Debug|Any CPU
		{DD5C31C3-A89E-4BD3-991F-C8826CAF5A64}.Release|Any CPU.ActiveCfg = Release|Any CPU
		{DD5C31C3-A89E-4BD3-991F-C8826CAF5A64}.Release|Any CPU.Build.0 = Release|Any CPU
		{0979E9E0-289B-4F37-AB2A-1BFC96A5C9AC}.Debug|Any CPU.ActiveCfg = Debug|Any CPU
		{0979E9E0-289B-4F37-AB2A-1BFC96A5C9AC}.Debug|Any CPU.Build.0 = Debug|Any CPU
		{0979E9E0-289B-4F37-AB2A-1BFC96A5C9AC}.Release|Any CPU.ActiveCfg = Release|Any CPU
		{0979E9E0-289B-4F37-AB2A-1BFC96A5C9AC}.Release|Any CPU.Build.0 = Release|Any CPU
		{661922D0-CB3F-4AAF-8571-55B533A04062}.Debug|Any CPU.ActiveCfg = Debug|Any CPU
		{661922D0-CB3F-4AAF-8571-55B533A04062}.Debug|Any CPU.Build.0 = Debug|Any CPU
		{661922D0-CB3F-4AAF-8571-55B533A04062}.Release|Any CPU.ActiveCfg = Release|Any CPU
		{661922D0-CB3F-4AAF-8571-55B533A04062}.Release|Any CPU.Build.0 = Release|Any CPU
		{9EC09C0D-38DC-4612-B175-8B4B13A6AA55}.Debug|Any CPU.ActiveCfg = Debug|Any CPU
		{9EC09C0D-38DC-4612-B175-8B4B13A6AA55}.Debug|Any CPU.Build.0 = Debug|Any CPU
		{9EC09C0D-38DC-4612-B175-8B4B13A6AA55}.Release|Any CPU.ActiveCfg = Release|Any CPU
		{9EC09C0D-38DC-4612-B175-8B4B13A6AA55}.Release|Any CPU.Build.0 = Release|Any CPU
	EndGlobalSection
	GlobalSection(SolutionProperties) = preSolution
		HideSolutionNode = FALSE
	EndGlobalSection
	GlobalSection(NestedProjects) = preSolution
		{CEA52B07-9E7F-4A4D-AF6D-4C43E7255D0E} = {20C12BB6-7202-46F4-9A92-3528FFC2B91B}
		{9EC09C0D-38DC-4612-B175-8B4B13A6AA55} = {20C12BB6-7202-46F4-9A92-3528FFC2B91B}
	EndGlobalSection
	GlobalSection(ExtensibilityGlobals) = postSolution
		SolutionGuid = {C1D73EF1-1FA6-4709-8A10-3B900EB98F6C}
	EndGlobalSection
EndGlobal
